tasks:
- name: format
  command: go fmt
  description: Format the code
  dependson:
  - name: lint
    command: golangci-lint run
    description: Lint the code
    dependson: []
    visited: false
    instack: false
  visited: false
  instack: false
- name: build
  command: go build
  description: Build the code
  dependson:
  - name: format
    command: go fmt
    description: Format the code
    dependson:
    - name: lint
      command: golangci-lint run
      description: Lint the code
      dependson: []
      visited: false
      instack: false
    visited: false
    instack: false
  - name: lint
    command: golangci-lint run
    description: Lint the code
    dependson: []
    visited: false
    instack: false
  visited: false
  instack: false
- name: lint
  command: golangci-lint run
  description: Lint the code
  dependson: []
  visited: false
  instack: false
- name: package.json
  command: go run main.go generate --output-package-json package.json
  description: Create a package.json file
  dependson: []
  visited: false
  instack: false
- name: Makefile
  command: go run main.go generate --output-makefile Makefile
  description: Create a Makefile
  dependson: []
  visited: false
  instack: false
- name: install
  command: go build -o ~/.local/bin/metatask main.go
  description: build the binary and copy to ~/.local/bin/
  dependson: []
  visited: false
  instack: false
- name: metatask
  command: go build -o metatask main.go
  description: Build the metatask binary
  dependson: []
  visited: false
  instack: false
